{
  "name": "example",
  "version": "1.0.0",
  "lockfileVersion": 3,
  "requires": true,
  "packages": {
    "": {
      "name": "example",
      "version": "1.0.0",
      "license": "ISC",
      "dependencies": {
        "fallingjs": "^0.0.7",
        "fallingrs": "^0.1.0"
      }
    },
    "node_modules/fallingjs": {
      "version": "0.0.7",
      "resolved": "https://registry.npmjs.org/fallingjs/-/fallingjs-0.0.7.tgz",
      "integrity": "sha512-uWUIVr6hvQHdCH7lXjiCBySRHnuXcnzt0CSC7lM7/1B138W7kc4+TqKEeAtF9tBubdFkVMVvWfXyz0aQmrdFjQ=="
    },
    "node_modules/fallingrs": {
      "version": "0.1.0",
      "resolved": "https://registry.npmjs.org/fallingrs/-/fallingrs-0.1.0.tgz",
      "integrity": "sha512-l6lAF78tG3bN9bpb5KVrbzm4Frh+aWAMdi8N5zkqwpiVv62Elp9BVUODPKE+tVkzyIol0SUwq9z9BtrEOkfDSQ=="
    }
  }
}
